
Microsoft Visual Studio Solution File, Format Version 12.00
# Visual Studio Version 16
VisualStudioVersion = 16.0.29306.81
MinimumVisualStudioVersion = 10.0.40219.1
Project("{9A19103F-16F7-4668-BE54-9A1E7A4F7556}") = "OnyeijeIgboAcademy", "OnyeijeIgboAcademy\OnyeijeIgboAcademy.csproj", "{346DF429-E185-4AAD-8CDA-D8F1A5C09C32}"
EndProject
Global
	GlobalSection(SolutionConfigurationPlatforms) = preSolution
		Debug|Any CPU = Debug|Any CPU
		Release|Any CPU = Release|Any CPU
	EndGlobalSection
	GlobalSection(ProjectConfigurationPlatforms) = postSolution
		{346DF429-E185-4AAD-8CDA-D8F1A5C09C32}.Debug|Any CPU.ActiveCfg = Debug|Any CPU
		{346DF429-E185-4AAD-8CDA-D8F1A5C09C32}.Debug|Any CPU.Build.0 = Debug|Any CPU
		{346DF429-E185-4AAD-8CDA-D8F1A5C09C32}.Release|Any CPU.ActiveCfg = Release|Any CPU
		{346DF429-E185-4AAD-8CDA-D8F1A5C09C32}.Release|Any CPU.Build.0 = Release|Any CPU
	EndGlobalSection
	GlobalSection(SolutionProperties) = preSolution
		HideSolutionNode = FALSE
	EndGlobalSection
	GlobalSection(ExtensibilityGlobals) = postSolution
		SolutionGuid = {8E038185-CBE7-43FC-ABF3-0F632CCA30CF}
	EndGlobalSection
EndGlobal
